
Microsoft Visual Studio Solution File, Format Version 12.00
# Visual Studio Version 17
VisualStudioVersion = 17.0.31903.59
MinimumVisualStudioVersion = 10.0.40219.1
Project("{2150E333-8FDC-42A3-9474-1A3956D46DE8}") = "src", "src", "{827E0CD3-B72D-47B6-A68D-7590B98EB39B}"
EndProject
Project("{FAE04EC0-301F-11D3-BF4B-00C04F79EFBC}") = "PlexAgent", "src\PlexAgent\PlexAgent.csproj", "{C0F2FEB7-96FE-4005-AC99-9739A32E197E}"
EndProject
Project("{FAE04EC0-301F-11D3-BF4B-00C04F79EFBC}") = "PlexAgent.Providers.OpenAI", "src\PlexAgent.Providers.OpenAI\PlexAgent.Providers.OpenAI.csproj", "{83FA675B-0465-4BA7-843B-1B067EE4D47D}"
EndProject
Project("{FAE04EC0-301F-11D3-BF4B-00C04F79EFBC}") = "PlexAgent.Providers.Anthropic", "src\PlexAgent.Providers.Anthropic\PlexAgent.Providers.Anthropic.csproj", "{7F548F31-4015-4A5B-9AF0-E14A3A8C062F}"
EndProject
Project("{FAE04EC0-301F-11D3-BF4B-00C04F79EFBC}") = "PlexAgent.Providers.Gemini", "src\PlexAgent.Providers.Gemini\PlexAgent.Providers.Gemini.csproj", "{F4D02F4D-F5BB-4510-BA3C-367CD1D81B1D}"
EndProject
Project("{2150E333-8FDC-42A3-9474-1A3956D46DE8}") = "tests", "tests", "{0AB3BF05-4346-4AA6-1389-037BE0695223}"
EndProject
Project("{FAE04EC0-301F-11D3-BF4B-00C04F79EFBC}") = "PlexAgent.Tests", "tests\PlexAgent.Tests\PlexAgent.Tests.csproj", "{5257A1BF-AC83-4951-9949-59E568F7CBBD}"
EndProject
Project("{FAE04EC0-301F-11D3-BF4B-00C04F79EFBC}") = "PlexAgent.Providers.OpenAI.Tests", "tests\PlexAgent.Providers.OpenAI.Tests\PlexAgent.Providers.OpenAI.Tests.csproj", "{C9FDE41C-3F51-4E8A-B901-A5ECBD226055}"
EndProject
Project("{FAE04EC0-301F-11D3-BF4B-00C04F79EFBC}") = "PlexAgent.Providers.Anthropic.Tests", "tests\PlexAgent.Providers.Anthropic.Tests\PlexAgent.Providers.Anthropic.Tests.csproj", "{A65CF607-FAC9-4590-86EE-EA813936705D}"
EndProject
Project("{FAE04EC0-301F-11D3-BF4B-00C04F79EFBC}") = "PlexAgent.Providers.Gemini.Tests", "tests\PlexAgent.Providers.Gemini.Tests\PlexAgent.Providers.Gemini.Tests.csproj", "{6DB6E01E-94F5-4CFE-BEB6-08CB3D5D2F9B}"
EndProject
Project("{FAE04EC0-301F-11D3-BF4B-00C04F79EFBC}") = "PlexAgent.IntegrationTests", "tests\PlexAgent.IntegrationTests\PlexAgent.IntegrationTests.csproj", "{6BC93B77-A6ED-490B-AB82-A0E4E3DD0F57}"
EndProject
Project("{2150E333-8FDC-42A3-9474-1A3956D46DE8}") = "samples", "samples", "{5D20AA90-6969-D8BD-9DCD-8634F4692FDA}"
EndProject
Project("{FAE04EC0-301F-11D3-BF4B-00C04F79EFBC}") = "PlexAgent.Sample.Console", "samples\PlexAgent.Sample.Console\PlexAgent.Sample.Console.csproj", "{D204A293-E0C4-4ADC-ACCD-0A93A1D5159B}"
EndProject
Project("{FAE04EC0-301F-11D3-BF4B-00C04F79EFBC}") = "PlexAgent.Sample.WebApi", "samples\PlexAgent.Sample.WebApi\PlexAgent.Sample.WebApi.csproj", "{467C8521-8895-478F-B1ED-9423ABEA4D0E}"
EndProject
Global
	GlobalSection(SolutionConfigurationPlatforms) = preSolution
		Debug|Any CPU = Debug|Any CPU
		Debug|x64 = Debug|x64
		Debug|x86 = Debug|x86
		Release|Any CPU = Release|Any CPU
		Release|x64 = Release|x64
		Release|x86 = Release|x86
	EndGlobalSection
	GlobalSection(ProjectConfigurationPlatforms) = postSolution
		{C0F2FEB7-96FE-4005-AC99-9739A32E197E}.Debug|Any CPU.ActiveCfg = Debug|Any CPU
		{C0F2FEB7-96FE-4005-AC99-9739A32E197E}.Debug|Any CPU.Build.0 = Debug|Any CPU
		{C0F2FEB7-96FE-4005-AC99-9739A32E197E}.Debug|x64.ActiveCfg = Debug|Any CPU
		{C0F2FEB7-96FE-4005-AC99-9739A32E197E}.Debug|x64.Build.0 = Debug|Any CPU
		{C0F2FEB7-96FE-4005-AC99-9739A32E197E}.Debug|x86.ActiveCfg = Debug|Any CPU
		{C0F2FEB7-96FE-4005-AC99-9739A32E197E}.Debug|x86.Build.0 = Debug|Any CPU
		{C0F2FEB7-96FE-4005-AC99-9739A32E197E}.Release|Any CPU.ActiveCfg = Release|Any CPU
		{C0F2FEB7-96FE-4005-AC99-9739A32E197E}.Release|Any CPU.Build.0 = Release|Any CPU
		{C0F2FEB7-96FE-4005-AC99-9739A32E197E}.Release|x64.ActiveCfg = Release|Any CPU
		{C0F2FEB7-96FE-4005-AC99-9739A32E197E}.Release|x64.Build.0 = Release|Any CPU
		{C0F2FEB7-96FE-4005-AC99-9739A32E197E}.Release|x86.ActiveCfg = Release|Any CPU
		{C0F2FEB7-96FE-4005-AC99-9739A32E197E}.Release|x86.Build.0 = Release|Any CPU
		{83FA675B-0465-4BA7-843B-1B067EE4D47D}.Debug|Any CPU.ActiveCfg = Debug|Any CPU
		{83FA675B-0465-4BA7-843B-1B067EE4D47D}.Debug|Any CPU.Build.0 = Debug|Any CPU
		{83FA675B-0465-4BA7-843B-1B067EE4D47D}.Debug|x64.ActiveCfg = Debug|Any CPU
		{83FA675B-0465-4BA7-843B-1B067EE4D47D}.Debug|x64.Build.0 = Debug|Any CPU
		{83FA675B-0465-4BA7-843B-1B067EE4D47D}.Debug|x86.ActiveCfg = Debug|Any CPU
		{83FA675B-0465-4BA7-843B-1B067EE4D47D}.Debug|x86.Build.0 = Debug|Any CPU
		{83FA675B-0465-4BA7-843B-1B067EE4D47D}.Release|Any CPU.ActiveCfg = Release|Any CPU
		{83FA675B-0465-4BA7-843B-1B067EE4D47D}.Release|Any CPU.Build.0 = Release|Any CPU
		{83FA675B-0465-4BA7-843B-1B067EE4D47D}.Release|x64.ActiveCfg = Release|Any CPU
		{83FA675B-0465-4BA7-843B-1B067EE4D47D}.Release|x64.Build.0 = Release|Any CPU
		{83FA675B-0465-4BA7-843B-1B067EE4D47D}.Release|x86.ActiveCfg = Release|Any CPU
		{83FA675B-0465-4BA7-843B-1B067EE4D47D}.Release|x86.Build.0 = Release|Any CPU
		{7F548F31-4015-4A5B-9AF0-E14A3A8C062F}.Debug|Any CPU.ActiveCfg = Debug|Any CPU
		{7F548F31-4015-4A5B-9AF0-E14A3A8C062F}.Debug|Any CPU.Build.0 = Debug|Any CPU
		{7F548F31-4015-4A5B-9AF0-E14A3A8C062F}.Debug|x64.ActiveCfg = Debug|Any CPU
		{7F548F31-4015-4A5B-9AF0-E14A3A8C062F}.Debug|x64.Build.0 = Debug|Any CPU
		{7F548F31-4015-4A5B-9AF0-E14A3A8C062F}.Debug|x86.ActiveCfg = Debug|Any CPU
		{7F548F31-4015-4A5B-9AF0-E14A3A8C062F}.Debug|x86.Build.0 = Debug|Any CPU
		{7F548F31-4015-4A5B-9AF0-E14A3A8C062F}.Release|Any CPU.ActiveCfg = Release|Any CPU
		{7F548F31-4015-4A5B-9AF0-E14A3A8C062F}.Release|Any CPU.Build.0 = Release|Any CPU
		{7F548F31-4015-4A5B-9AF0-E14A3A8C062F}.Release|x64.ActiveCfg = Release|Any CPU
		{7F548F31-4015-4A5B-9AF0-E14A3A8C062F}.Release|x64.Build.0 = Release|Any CPU
		{7F548F31-4015-4A5B-9AF0-E14A3A8C062F}.Release|x86.ActiveCfg = Release|Any CPU
		{7F548F31-4015-4A5B-9AF0-E14A3A8C062F}.Release|x86.Build.0 = Release|Any CPU
		{F4D02F4D-F5BB-4510-BA3C-367CD1D81B1D}.Debug|Any CPU.ActiveCfg = Debug|Any CPU
		{F4D02F4D-F5BB-4510-BA3C-367CD1D81B1D}.Debug|Any CPU.Build.0 = Debug|Any CPU
		{F4D02F4D-F5BB-4510-BA3C-367CD1D81B1D}.Debug|x64.ActiveCfg = Debug|Any CPU
		{F4D02F4D-F5BB-4510-BA3C-367CD1D81B1D}.Debug|x64.Build.0 = Debug|Any CPU
		{F4D02F4D-F5BB-4510-BA3C-367CD1D81B1D}.Debug|x86.ActiveCfg = Debug|Any CPU
		{F4D02F4D-F5BB-4510-BA3C-367CD1D81B1D}.Debug|x86.Build.0 = Debug|Any CPU
		{F4D02F4D-F5BB-4510-BA3C-367CD1D81B1D}.Release|Any CPU.ActiveCfg = Release|Any CPU
		{F4D02F4D-F5BB-4510-BA3C-367CD1D81B1D}.Release|Any CPU.Build.0 = Release|Any CPU
		{F4D02F4D-F5BB-4510-BA3C-367CD1D81B1D}.Release|x64.ActiveCfg = Release|Any CPU
		{F4D02F4D-F5BB-4510-BA3C-367CD1D81B1D}.Release|x64.Build.0 = Release|Any CPU
		{F4D02F4D-F5BB-4510-BA3C-367CD1D81B1D}.Release|x86.ActiveCfg = Release|Any CPU
		{F4D02F4D-F5BB-4510-BA3C-367CD1D81B1D}.Release|x86.Build.0 = Release|Any CPU
		{5257A1BF-AC83-4951-9949-59E568F7CBBD}.Debug|Any CPU.ActiveCfg = Debug|Any CPU
		{5257A1BF-AC83-4951-9949-59E568F7CBBD}.Debug|Any CPU.Build.0 = Debug|Any CPU
		{5257A1BF-AC83-4951-9949-59E568F7CBBD}.Debug|x64.ActiveCfg = Debug|Any CPU
		{5257A1BF-AC83-4951-9949-59E568F7CBBD}.Debug|x64.Build.0 = Debug|Any CPU
		{5257A1BF-AC83-4951-9949-59E568F7CBBD}.Debug|x86.ActiveCfg = Debug|Any CPU
		{5257A1BF-AC83-4951-9949-59E568F7CBBD}.Debug|x86.Build.0 = Debug|Any CPU
		{5257A1BF-AC83-4951-9949-59E568F7CBBD}.Release|Any CPU.ActiveCfg = Release|Any CPU
		{5257A1BF-AC83-4951-9949-59E568F7CBBD}.Release|Any CPU.Build.0 = Release|Any CPU
		{5257A1BF-AC83-4951-9949-59E568F7CBBD}.Release|x64.ActiveCfg = Release|Any CPU
		{5257A1BF-AC83-4951-9949-59E568F7CBBD}.Release|x64.Build.0 = Release|Any CPU
		{5257A1BF-AC83-4951-9949-59E568F7CBBD}.Release|x86.ActiveCfg = Release|Any CPU
		{5257A1BF-AC83-4951-9949-59E568F7CBBD}.Release|x86.Build.0 = Release|Any CPU
		{C9FDE41C-3F51-4E8A-B901-A5ECBD226055}.Debug|Any CPU.ActiveCfg = Debug|Any CPU
		{C9FDE41C-3F51-4E8A-B901-A5ECBD226055}.Debug|Any CPU.Build.0 = Debug|Any CPU
		{C9FDE41C-3F51-4E8A-B901-A5ECBD226055}.Debug|x64.ActiveCfg = Debug|Any CPU
		{C9FDE41C-3F51-4E8A-B901-A5ECBD226055}.Debug|x64.Build.0 = Debug|Any CPU
		{C9FDE41C-3F51-4E8A-B901-A5ECBD226055}.Debug|x86.ActiveCfg = Debug|Any CPU
		{C9FDE41C-3F51-4E8A-B901-A5ECBD226055}.Debug|x86.Build.0 = Debug|Any CPU
		{C9FDE41C-3F51-4E8A-B901-A5ECBD226055}.Release|Any CPU.ActiveCfg = Release|Any CPU
		{C9FDE41C-3F51-4E8A-B901-A5ECBD226055}.Release|Any CPU.Build.0 = Release|Any CPU
		{C9FDE41C-3F51-4E8A-B901-A5ECBD226055}.Release|x64.ActiveCfg = Release|Any CPU
		{C9FDE41C-3F51-4E8A-B901-A5ECBD226055}.Release|x64.Build.0 = Release|Any CPU
		{C9FDE41C-3F51-4E8A-B901-A5ECBD226055}.Release|x86.ActiveCfg = Release|Any CPU
		{C9FDE41C-3F51-4E8A-B901-A5ECBD226055}.Release|x86.Build.0 = Release|Any CPU
		{A65CF607-FAC9-4590-86EE-EA813936705D}.Debug|Any CPU.ActiveCfg = Debug|Any CPU
		{A65CF607-FAC9-4590-86EE-EA813936705D}.Debug|Any CPU.Build.0 = Debug|Any CPU
		{A65CF607-FAC9-4590-86EE-EA813936705D}.Debug|x64.ActiveCfg = Debug|Any CPU
		{A65CF607-FAC9-4590-86EE-EA813936705D}.Debug|x64.Build.0 = Debug|Any CPU
		{A65CF607-FAC9-4590-86EE-EA813936705D}.Debug|x86.ActiveCfg = Debug|Any CPU
		{A65CF607-FAC9-4590-86EE-EA813936705D}.Debug|x86.Build.0 = Debug|Any CPU
		{A65CF607-FAC9-4590-86EE-EA813936705D}.Release|Any CPU.ActiveCfg = Release|Any CPU
		{A65CF607-FAC9-4590-86EE-EA813936705D}.Release|Any CPU.Build.0 = Release|Any CPU
		{A65CF607-FAC9-4590-86EE-EA813936705D}.Release|x64.ActiveCfg = Release|Any CPU
		{A65CF607-FAC9-4590-86EE-EA813936705D}.Release|x64.Build.0 = Release|Any CPU
		{A65CF607-FAC9-4590-86EE-EA813936705D}.Release|x86.ActiveCfg = Release|Any CPU
		{A65CF607-FAC9-4590-86EE-EA813936705D}.Release|x86.Build.0 = Release|Any CPU
		{6DB6E01E-94F5-4CFE-BEB6-08CB3D5D2F9B}.Debug|Any CPU.ActiveCfg = Debug|Any CPU
		{6DB6E01E-94F5-4CFE-BEB6-08CB3D5D2F9B}.Debug|Any CPU.Build.0 = Debug|Any CPU
		{6DB6E01E-94F5-4CFE-BEB6-08CB3D5D2F9B}.Debug|x64.ActiveCfg = Debug|Any CPU
		{6DB6E01E-94F5-4CFE-BEB6-08CB3D5D2F9B}.Debug|x64.Build.0 = Debug|Any CPU
		{6DB6E01E-94F5-4CFE-BEB6-08CB3D5D2F9B}.Debug|x86.ActiveCfg = Debug|Any CPU
		{6DB6E01E-94F5-4CFE-BEB6-08CB3D5D2F9B}.Debug|x86.Build.0 = Debug|Any CPU
		{6DB6E01E-94F5-4CFE-BEB6-08CB3D5D2F9B}.Release|Any CPU.ActiveCfg = Release|Any CPU
		{6DB6E01E-94F5-4CFE-BEB6-08CB3D5D2F9B}.Release|Any CPU.Build.0 = Release|Any CPU
		{6DB6E01E-94F5-4CFE-BEB6-08CB3D5D2F9B}.Release|x64.ActiveCfg = Release|Any CPU
		{6DB6E01E-94F5-4CFE-BEB6-08CB3D5D2F9B}.Release|x64.Build.0 = Release|Any CPU
		{6DB6E01E-94F5-4CFE-BEB6-08CB3D5D2F9B}.Release|x86.ActiveCfg = Release|Any CPU
		{6DB6E01E-94F5-4CFE-BEB6-08CB3D5D2F9B}.Release|x86.Build.0 = Release|Any CPU
		{6BC93B77-A6ED-490B-AB82-A0E4E3DD0F57}.Debug|Any CPU.ActiveCfg = Debug|Any CPU
		{6BC93B77-A6ED-490B-AB82-A0E4E3DD0F57}.Debug|Any CPU.Build.0 = Debug|Any CPU
		{6BC93B77-A6ED-490B-AB82-A0E4E3DD0F57}.Debug|x64.ActiveCfg = Debug|Any CPU
		{6BC93B77-A6ED-490B-AB82-A0E4E3DD0F57}.Debug|x64.Build.0 = Debug|Any CPU
		{6BC93B77-A6ED-490B-AB82-A0E4E3DD0F57}.Debug|x86.ActiveCfg = Debug|Any CPU
		{6BC93B77-A6ED-490B-AB82-A0E4E3DD0F57}.Debug|x86.Build.0 = Debug|Any CPU
		{6BC93B77-A6ED-490B-AB82-A0E4E3DD0F57}.Release|Any CPU.ActiveCfg = Release|Any CPU
		{6BC93B77-A6ED-490B-AB82-A0E4E3DD0F57}.Release|Any CPU.Build.0 = Release|Any CPU
		{6BC93B77-A6ED-490B-AB82-A0E4E3DD0F57}.Release|x64.ActiveCfg = Release|Any CPU
		{6BC93B77-A6ED-490B-AB82-A0E4E3DD0F57}.Release|x64.Build.0 = Release|Any CPU
		{6BC93B77-A6ED-490B-AB82-A0E4E3DD0F57}.Release|x86.ActiveCfg = Release|Any CPU
		{6BC93B77-A6ED-490B-AB82-A0E4E3DD0F57}.Release|x86.Build.0 = Release|Any CPU
		{D204A293-E0C4-4ADC-ACCD-0A93A1D5159B}.Debug|Any CPU.ActiveCfg = Debug|Any CPU
		{D204A293-E0C4-4ADC-ACCD-0A93A1D5159B}.Debug|Any CPU.Build.0 = Debug|Any CPU
		{D204A293-E0C4-4ADC-ACCD-0A93A1D5159B}.Debug|x64.ActiveCfg = Debug|Any CPU
		{D204A293-E0C4-4ADC-ACCD-0A93A1D5159B}.Debug|x64.Build.0 = Debug|Any CPU
		{D204A293-E0C4-4ADC-ACCD-0A93A1D5159B}.Debug|x86.ActiveCfg = Debug|Any CPU
		{D204A293-E0C4-4ADC-ACCD-0A93A1D5159B}.Debug|x86.Build.0 = Debug|Any CPU
		{D204A293-E0C4-4ADC-ACCD-0A93A1D5159B}.Release|Any CPU.ActiveCfg = Release|Any CPU
		{D204A293-E0C4-4ADC-ACCD-0A93A1D5159B}.Release|Any CPU.Build.0 = Release|Any CPU
		{D204A293-E0C4-4ADC-ACCD-0A93A1D5159B}.Release|x64.ActiveCfg = Release|Any CPU
		{D204A293-E0C4-4ADC-ACCD-0A93A1D5159B}.Release|x64.Build.0 = Release|Any CPU
		{D204A293-E0C4-4ADC-ACCD-0A93A1D5159B}.Release|x86.ActiveCfg = Release|Any CPU
		{D204A293-E0C4-4ADC-ACCD-0A93A1D5159B}.Release|x86.Build.0 = Release|Any CPU
		{467C8521-8895-478F-B1ED-9423ABEA4D0E}.Debug|Any CPU.ActiveCfg = Debug|Any CPU
		{467C8521-8895-478F-B1ED-9423ABEA4D0E}.Debug|Any CPU.Build.0 = Debug|Any CPU
		{467C8521-8895-478F-B1ED-9423ABEA4D0E}.Debug|x64.ActiveCfg = Debug|Any CPU
		{467C8521-8895-478F-B1ED-9423ABEA4D0E}.Debug|x64.Build.0 = Debug|Any CPU
		{467C8521-8895-478F-B1ED-9423ABEA4D0E}.Debug|x86.ActiveCfg = Debug|Any CPU
		{467C8521-8895-478F-B1ED-9423ABEA4D0E}.Debug|x86.Build.0 = Debug|Any CPU
		{467C8521-8895-478F-B1ED-9423ABEA4D0E}.Release|Any CPU.ActiveCfg = Release|Any CPU
		{467C8521-8895-478F-B1ED-9423ABEA4D0E}.Release|Any CPU.Build.0 = Release|Any CPU
		{467C8521-8895-478F-B1ED-9423ABEA4D0E}.Release|x64.ActiveCfg = Release|Any CPU
		{467C8521-8895-478F-B1ED-9423ABEA4D0E}.Release|x64.Build.0 = Release|Any CPU
		{467C8521-8895-478F-B1ED-9423ABEA4D0E}.Release|x86.ActiveCfg = Release|Any CPU
		{467C8521-8895-478F-B1ED-9423ABEA4D0E}.Release|x86.Build.0 = Release|Any CPU
	EndGlobalSection
	GlobalSection(SolutionProperties) = preSolution
		HideSolutionNode = FALSE
	EndGlobalSection
	GlobalSection(NestedProjects) = preSolution
		{C0F2FEB7-96FE-4005-AC99-9739A32E197E} = {827E0CD3-B72D-47B6-A68D-7590B98EB39B}
		{83FA675B-0465-4BA7-843B-1B067EE4D47D} = {827E0CD3-B72D-47B6-A68D-7590B98EB39B}
		{7F548F31-4015-4A5B-9AF0-E14A3A8C062F} = {827E0CD3-B72D-47B6-A68D-7590B98EB39B}
		{F4D02F4D-F5BB-4510-BA3C-367CD1D81B1D} = {827E0CD3-B72D-47B6-A68D-7590B98EB39B}
		{5257A1BF-AC83-4951-9949-59E568F7CBBD} = {0AB3BF05-4346-4AA6-1389-037BE0695223}
		{C9FDE41C-3F51-4E8A-B901-A5ECBD226055} = {0AB3BF05-4346-4AA6-1389-037BE0695223}
		{A65CF607-FAC9-4590-86EE-EA813936705D} = {0AB3BF05-4346-4AA6-1389-037BE0695223}
		{6DB6E01E-94F5-4CFE-BEB6-08CB3D5D2F9B} = {0AB3BF05-4346-4AA6-1389-037BE0695223}
		{6BC93B77-A6ED-490B-AB82-A0E4E3DD0F57} = {0AB3BF05-4346-4AA6-1389-037BE0695223}
		{D204A293-E0C4-4ADC-ACCD-0A93A1D5159B} = {5D20AA90-6969-D8BD-9DCD-8634F4692FDA}
		{467C8521-8895-478F-B1ED-9423ABEA4D0E} = {5D20AA90-6969-D8BD-9DCD-8634F4692FDA}
	EndGlobalSection
EndGlobal
